
Microsoft Visual Studio Solution File, Format Version 12.00
# Visual Studio Version 16
VisualStudioVersion = 16.0.31729.503
MinimumVisualStudioVersion = 10.0.40219.1
Project("{FAE04EC0-301F-11D3-BF4B-00C04F79EFBC}") = "gui4cmd", "gui4cmd\gui4cmd.csproj", "{864FA929-B6C6-4485-8327-FAF26DAFA0B5}"
EndProject
Project("{FAE04EC0-301F-11D3-BF4B-00C04F79EFBC}") = "TestConsoleApp", "TestConsoleApp\TestConsoleApp.csproj", "{520773D8-E8BF-4FD0-BD7B-50D89BFAE778}"
EndProject
Global
	GlobalSection(SolutionConfigurationPlatforms) = preSolution
		Debug|Any CPU = Debug|Any CPU
		Release|Any CPU = Release|Any CPU
	EndGlobalSection
	GlobalSection(ProjectConfigurationPlatforms) = postSolution
		{864FA929-B6C6-4485-8327-FAF26DAFA0B5}.Debug|Any CPU.ActiveCfg = Debug|Any CPU
		{864FA929-B6C6-4485-8327-FAF26DAFA0B5}.Debug|Any CPU.Build.0 = Debug|Any CPU
		{864FA929-B6C6-4485-8327-FAF26DAFA0B5}.Release|Any CPU.ActiveCfg = Release|Any CPU
		{864FA929-B6C6-4485-8327-FAF26DAFA0B5}.Release|Any CPU.Build.0 = Release|Any CPU
		{520773D8-E8BF-4FD0-BD7B-50D89BFAE778}.Debug|Any CPU.ActiveCfg = Debug|Any CPU
		{520773D8-E8BF-4FD0-BD7B-50D89BFAE778}.Debug|Any CPU.Build.0 = Debug|Any CPU
		{520773D8-E8BF-4FD0-BD7B-50D89BFAE778}.Release|Any CPU.ActiveCfg = Release|Any CPU
		{520773D8-E8BF-4FD0-BD7B-50D89BFAE778}.Release|Any CPU.Build.0 = Release|Any CPU
	EndGlobalSection
	GlobalSection(SolutionProperties) = preSolution
		HideSolutionNode = FALSE
	EndGlobalSection
	GlobalSection(ExtensibilityGlobals) = postSolution
		SolutionGuid = {CAD95D97-3676-4482-882C-16C358CE5C60}
	EndGlobalSection
EndGlobal
